
Microsoft Visual Studio Solution File, Format Version 12.00
# Visual Studio Version 17
VisualStudioVersion = 17.3.32825.248
MinimumVisualStudioVersion = 10.0.40219.1
Project("{8BC9CEB8-8B4A-11D0-8D11-00A0C91BC942}") = "Lab3_Classes_and_Vectors", "Lab3_Classes_and_Vectors\Lab3_Classes_and_Vectors.vcxproj", "{652071A2-056E-41CF-BC82-B58DF4067EC4}"
EndProject
Global
	GlobalSection(SolutionConfigurationPlatforms) = preSolution
		Debug|x64 = Debug|x64
		Debug|x86 = Debug|x86
		Release|x64 = Release|x64
		Release|x86 = Release|x86
	EndGlobalSection
	GlobalSection(ProjectConfigurationPlatforms) = postSolution
		{652071A2-056E-41CF-BC82-B58DF4067EC4}.Debug|x64.ActiveCfg = Debug|x64
		{652071A2-056E-41CF-BC82-B58DF4067EC4}.Debug|x64.Build.0 = Debug|x64
		{652071A2-056E-41CF-BC82-B58DF4067EC4}.Debug|x86.ActiveCfg = Debug|Win32
		{652071A2-056E-41CF-BC82-B58DF4067EC4}.Debug|x86.Build.0 = Debug|Win32
		{652071A2-056E-41CF-BC82-B58DF4067EC4}.Release|x64.ActiveCfg = Release|x64
		{652071A2-056E-41CF-BC82-B58DF4067EC4}.Release|x64.Build.0 = Release|x64
		{652071A2-056E-41CF-BC82-B58DF4067EC4}.Release|x86.ActiveCfg = Release|Win32
		{652071A2-056E-41CF-BC82-B58DF4067EC4}.Release|x86.Build.0 = Release|Win32
	EndGlobalSection
	GlobalSection(SolutionProperties) = preSolution
		HideSolutionNode = FALSE
	EndGlobalSection
	GlobalSection(ExtensibilityGlobals) = postSolution
		SolutionGuid = {4BB71B4F-3F45-4075-AFCE-4F3446AA8F6D}
	EndGlobalSection
EndGlobal
